# This file is automatically @generated by Cargo.
# It is not intended for manual editing.
version = 3

[[package]]
name = "accum"
version = "0.1.0"
dependencies = [
 "algebraic-traits",
 "tuple-vec",
]

[[package]]
name = "algebraic-traits"
version = "0.1.0"

[[package]]
name = "tuple-vec"
version = "0.1.0"
dependencies = [
 "algebraic-traits",
]
